# Generated by pub
# See https://dart.dev/tools/pub/glossary#lockfile
packages:
  args:
    dependency: transitive
    description:
      name: args
      url: "https://pub.dartlang.org"
    source: hosted
    version: "1.6.0"
  dart_code_coverage:
    dependency: "direct dev"
    description:
      path: ".."
      relative: true
    source: path
    version: "0.0.1"
sdks:
  dart: ">=2.7.0 <3.0.0"
